{
  "name": "bun-practice-api",
  "lockfileVersion": 3,
  "requires": true,
  "packages": {
    "": {
      "name": "bun-practice-api",
      "dependencies": {
        "bunrest": "^1.3.6"
      },
      "devDependencies": {
        "bun-types": "latest"
      },
      "peerDependencies": {
        "typescript": "^5.0.0"
      }
    },
    "node_modules/bun-types": {
      "version": "1.0.7",
      "resolved": "https://registry.npmjs.org/bun-types/-/bun-types-1.0.7.tgz",
      "integrity": "sha512-zlIp+SCutbbugs6xDy+3WC3KO3zKySpF/bRfiTk/VJUdKt+WHAzlCtLplS7XglRYDFzhRhlzXMW/R5BHkw+u2Q==",
      "dev": true
    },
    "node_modules/bunrest": {
      "version": "1.3.6",
      "resolved": "https://registry.npmjs.org/bunrest/-/bunrest-1.3.6.tgz",
      "integrity": "sha512-j1Rdx3cOxMoMHhWQvzlKZgykWDAjtl4qUTSwUXzoxwV0WgC1dUMkwdYC+sfvdyKTZ1CNs6PxX/UR7CoCoF87Hg=="
    },
    "node_modules/typescript": {
      "version": "5.2.2",
      "license": "Apache-2.0",
      "peer": true,
      "bin": {
        "tsc": "bin/tsc",
        "tsserver": "bin/tsserver"
      },
      "engines": {
        "node": ">=14.17"
      }
    }
  }
}
